
Microsoft Visual Studio Solution File, Format Version 12.00
# Visual Studio 14
VisualStudioVersion = 14.0.24720.0
MinimumVisualStudioVersion = 10.0.40219.1
Project("{FAE04EC0-301F-11D3-BF4B-00C04F79EFBC}") = "MStar2DB", "MStar2DB\MStar2DB.csproj", "{5C54D88F-3A9E-4576-8FC4-B5B736913B4F}"
EndProject
Project("{FAE04EC0-301F-11D3-BF4B-00C04F79EFBC}") = "unzipper", "unzipper\unzipper.csproj", "{90D4A2E9-EEF2-4838-8090-BD940203D0B6}"
EndProject
Project("{FAE04EC0-301F-11D3-BF4B-00C04F79EFBC}") = "CBJ_1274", "CBJ_1274\CBJ_1274.csproj", "{7007C70B-BECA-447E-822B-4E99EBEBBBC7}"
EndProject
Project("{FAE04EC0-301F-11D3-BF4B-00C04F79EFBC}") = "BBG2BD", "BBG2DB\BBG2BD.csproj", "{22682705-9BBA-4CB7-ADA9-9C8DFF83AFAB}"
EndProject
Global
	GlobalSection(SolutionConfigurationPlatforms) = preSolution
		Debug|Any CPU = Debug|Any CPU
		Release|Any CPU = Release|Any CPU
	EndGlobalSection
	GlobalSection(ProjectConfigurationPlatforms) = postSolution
		{5C54D88F-3A9E-4576-8FC4-B5B736913B4F}.Debug|Any CPU.ActiveCfg = Debug|Any CPU
		{5C54D88F-3A9E-4576-8FC4-B5B736913B4F}.Debug|Any CPU.Build.0 = Debug|Any CPU
		{5C54D88F-3A9E-4576-8FC4-B5B736913B4F}.Release|Any CPU.ActiveCfg = Release|Any CPU
		{5C54D88F-3A9E-4576-8FC4-B5B736913B4F}.Release|Any CPU.Build.0 = Release|Any CPU
		{90D4A2E9-EEF2-4838-8090-BD940203D0B6}.Debug|Any CPU.ActiveCfg = Debug|Any CPU
		{90D4A2E9-EEF2-4838-8090-BD940203D0B6}.Debug|Any CPU.Build.0 = Debug|Any CPU
		{90D4A2E9-EEF2-4838-8090-BD940203D0B6}.Release|Any CPU.ActiveCfg = Release|Any CPU
		{90D4A2E9-EEF2-4838-8090-BD940203D0B6}.Release|Any CPU.Build.0 = Release|Any CPU
		{7007C70B-BECA-447E-822B-4E99EBEBBBC7}.Debug|Any CPU.ActiveCfg = Debug|Any CPU
		{7007C70B-BECA-447E-822B-4E99EBEBBBC7}.Debug|Any CPU.Build.0 = Debug|Any CPU
		{7007C70B-BECA-447E-822B-4E99EBEBBBC7}.Release|Any CPU.ActiveCfg = Release|Any CPU
		{7007C70B-BECA-447E-822B-4E99EBEBBBC7}.Release|Any CPU.Build.0 = Release|Any CPU
		{22682705-9BBA-4CB7-ADA9-9C8DFF83AFAB}.Debug|Any CPU.ActiveCfg = Debug|Any CPU
		{22682705-9BBA-4CB7-ADA9-9C8DFF83AFAB}.Debug|Any CPU.Build.0 = Debug|Any CPU
		{22682705-9BBA-4CB7-ADA9-9C8DFF83AFAB}.Release|Any CPU.ActiveCfg = Release|Any CPU
		{22682705-9BBA-4CB7-ADA9-9C8DFF83AFAB}.Release|Any CPU.Build.0 = Release|Any CPU
	EndGlobalSection
	GlobalSection(SolutionProperties) = preSolution
		HideSolutionNode = FALSE
	EndGlobalSection
EndGlobal
